<?xml version="1.0" encoding="utf-8"?>
<Project ToolsVersion="4.0" xmlns="http://schemas.microsoft.com/developer/msbuild/2003">
  <ItemGroup>
    <Filter Include="Source Files">
      <UniqueIdentifier>{4FC737F1-C7A5-4376-A066-2A32D752A2FF}</UniqueIdentifier>
      <Extensions>cpp;c;cc;cxx;c++;cppm;ixx;def;odl;idl;hpj;bat;asm;asmx</Extensions>
    </Filter>
    <Filter Include="Header Files">
      <UniqueIdentifier>{93995380-89BD-4b04-88EB-625FBE52EBFB}</UniqueIdentifier>
      <Extensions>h;hh;hpp;hxx;h++;hm;inl;inc;ipp;xsd</Extensions>
    </Filter>
    <Filter Include="Header Files\Core">
      <UniqueIdentifier>{5f877a6e-18f1-4e4d-bf1e-70e77189e612}</UniqueIdentifier>
    </Filter>
    <Filter Include="Header Files\Library">
      <UniqueIdentifier>{6a49f323-c49c-4881-9af8-80e3b65e48e3}</UniqueIdentifier>
    </Filter>
    <Filter Include="Header Files\Screens">
      <UniqueIdentifier>{56275578-9c6b-430b-a8b1-dd92f8ca6f8f}</UniqueIdentifier>
    </Filter>
    <Filter Include="Header Files\Screens\Clients">
      <UniqueIdentifier>{f621e10d-af02-4d7e-9894-6522da09224b}</UniqueIdentifier>
    </Filter>
    <Filter Include="Header Files\Screens\Currency">
      <UniqueIdentifier>{15238d86-4db8-422b-9bcf-fab7248f1c07}</UniqueIdentifier>
    </Filter>
    <Filter Include="Header Files\Screens\Users">
      <UniqueIdentifier>{67230f90-4f39-4b0c-b8f9-8d130bee39b4}</UniqueIdentifier>
    </Filter>
  </ItemGroup>
  <ItemGroup>
    <ClCompile Include="Bank.cpp">
      <Filter>Source Files</Filter>
    </ClCompile>
  </ItemGroup>
  <ItemGroup>
    <ClInclude Include="Global.h">
      <Filter>Header Files</Filter>
    </ClInclude>
    <ClInclude Include="Core\clsBankClient.h">
      <Filter>Header Files\Core</Filter>
    </ClInclude>
    <ClInclude Include="Core\clsCurrency.h">
      <Filter>Header Files\Core</Filter>
    </ClInclude>
    <ClInclude Include="Core\clsPerson.h">
      <Filter>Header Files\Core</Filter>
    </ClInclude>
    <ClInclude Include="Core\clsUsers.h">
      <Filter>Header Files\Core</Filter>
    </ClInclude>
    <ClInclude Include="Library\clsDate.h">
      <Filter>Header Files\Library</Filter>
    </ClInclude>
    <ClInclude Include="Library\clsInputValidate.h">
      <Filter>Header Files\Library</Filter>
    </ClInclude>
    <ClInclude Include="Library\clsString.h">
      <Filter>Header Files\Library</Filter>
    </ClInclude>
    <ClInclude Include="Library\clsUtility.h">
      <Filter>Header Files\Library</Filter>
    </ClInclude>
    <ClInclude Include="Screens\Clinets\clsClientAddNewScreen.h">
      <Filter>Header Files\Screens\Clients</Filter>
    </ClInclude>
    <ClInclude Include="Screens\Clinets\clsClientListScreen.h">
      <Filter>Header Files\Screens\Clients</Filter>
    </ClInclude>
    <ClInclude Include="Screens\Clinets\clsDeleteClientScreen.h">
      <Filter>Header Files\Screens\Clients</Filter>
    </ClInclude>
    <ClInclude Include="Screens\Clinets\clsDepositScreen.h">
      <Filter>Header Files\Screens\Clients</Filter>
    </ClInclude>
    <ClInclude Include="Screens\Clinets\clsFindClientScreen.h">
      <Filter>Header Files\Screens\Clients</Filter>
    </ClInclude>
    <ClInclude Include="Screens\Clinets\clsTotalBalacneScreen.h">
      <Filter>Header Files\Screens\Clients</Filter>
    </ClInclude>
    <ClInclude Include="Screens\Clinets\clsTransactionMenueScreen.h">
      <Filter>Header Files\Screens\Clients</Filter>
    </ClInclude>
    <ClInclude Include="Screens\Clinets\clsTransferLogListScreen.h">
      <Filter>Header Files\Screens\Clients</Filter>
    </ClInclude>
    <ClInclude Include="Screens\Clinets\clsTransferScreen.h">
      <Filter>Header Files\Screens\Clients</Filter>
    </ClInclude>
    <ClInclude Include="Screens\Clinets\clsUpdateClientScreen.h">
      <Filter>Header Files\Screens\Clients</Filter>
    </ClInclude>
    <ClInclude Include="Screens\Clinets\clsWithdrawScreen.h">
      <Filter>Header Files\Screens\Clients</Filter>
    </ClInclude>
    <ClInclude Include="Screens\Currency\clsCurrencyCalculatorScreen.h">
      <Filter>Header Files\Screens\Currency</Filter>
    </ClInclude>
    <ClInclude Include="Screens\Currency\clsCurrencyExchangeMainScreen.h">
      <Filter>Header Files\Screens\Currency</Filter>
    </ClInclude>
    <ClInclude Include="Screens\Currency\clsCurrencyListScreen.h">
      <Filter>Header Files\Screens\Currency</Filter>
    </ClInclude>
    <ClInclude Include="Screens\Currency\clsFindCurrencyScreen.h">
      <Filter>Header Files\Screens\Currency</Filter>
    </ClInclude>
    <ClInclude Include="Screens\Currency\clsUpdateCurrenctRateScreen.h">
      <Filter>Header Files\Screens\Currency</Filter>
    </ClInclude>
    <ClInclude Include="Screens\Users\clsAddNewUserScreen.h">
      <Filter>Header Files\Screens\Users</Filter>
    </ClInclude>
    <ClInclude Include="Screens\Users\clsDeleteUsereScreen.h">
      <Filter>Header Files\Screens\Users</Filter>
    </ClInclude>
    <ClInclude Include="Screens\Users\clsFindUserScreen.h">
      <Filter>Header Files\Screens\Users</Filter>
    </ClInclude>
    <ClInclude Include="Screens\Users\clsLoginRegisterScreen.h">
      <Filter>Header Files\Screens\Users</Filter>
    </ClInclude>
    <ClInclude Include="Screens\Users\clsLoginScreen.h">
      <Filter>Header Files\Screens\Users</Filter>
    </ClInclude>
    <ClInclude Include="Screens\Users\clsManageUsersMenueScreen.h">
      <Filter>Header Files\Screens\Users</Filter>
    </ClInclude>
    <ClInclude Include="Screens\Users\clsUpdateUserScreen.h">
      <Filter>Header Files\Screens\Users</Filter>
    </ClInclude>
    <ClInclude Include="Screens\Users\clsUsersListScreen.h">
      <Filter>Header Files\Screens\Users</Filter>
    </ClInclude>
    <ClInclude Include="Screens\clsMainScreen.h">
      <Filter>Header Files\Screens</Filter>
    </ClInclude>
    <ClInclude Include="Screens\clsScreen.h">
      <Filter>Header Files\Screens</Filter>
    </ClInclude>
  </ItemGroup>
</Project>